
Microsoft Visual Studio Solution File, Format Version 12.00
# Visual Studio 15
VisualStudioVersion = 15.0.27130.2010
MinimumVisualStudioVersion = 10.0.40219.1
Project("{FAE04EC0-301F-11D3-BF4B-00C04F79EFBC}") = "STUN", "STUN\STUN.csproj", "{E579594B-DB1F-4FF5-95DD-3E25528E64C1}"
EndProject
Project("{FAE04EC0-301F-11D3-BF4B-00C04F79EFBC}") = "STUN.Tests", "STUN.Tests\STUN.Tests.csproj", "{D9B4E76E-2E35-48B4-8D3C-0674276476F1}"
EndProject
Project("{FAE04EC0-301F-11D3-BF4B-00C04F79EFBC}") = "BBuffer", "..\BBuffer\BBuffer\BBuffer.csproj", "{11AA562B-3AB6-4CDD-A8A5-1EE4B95B03E6}"
EndProject
Project("{FAE04EC0-301F-11D3-BF4B-00C04F79EFBC}") = "BBuffer.Tests", "..\BBuffer\BBuffer.Tests\BBuffer.Tests.csproj", "{A2E33957-51EC-47A7-B5CC-5383C390FD25}"
EndProject
Project("{FAE04EC0-301F-11D3-BF4B-00C04F79EFBC}") = "NoGcSockets", "..\No-gc-sockets\NoGcSockets\NoGcSockets.csproj", "{822AC68E-35C3-4AAD-8F00-3BD0E445743F}"
EndProject
Project("{FAE04EC0-301F-11D3-BF4B-00C04F79EFBC}") = "NoGcSockets.Tests", "..\No-gc-sockets\NoGcSockets.Tests\NoGcSockets.Tests.csproj", "{4E5C3781-1F62-4BB6-9363-DE1AFDC7E8EE}"
EndProject
Project("{FAE04EC0-301F-11D3-BF4B-00C04F79EFBC}") = "HashUtils", "..\HashUtils\HashUtils\HashUtils.csproj", "{A1C99CC4-1FF8-4B0C-A805-5248E8A56B4B}"
EndProject
Project("{FAE04EC0-301F-11D3-BF4B-00C04F79EFBC}") = "HashUtils.Tests", "..\HashUtils\HashUtils.Tests\HashUtils.Tests.csproj", "{FA7A3029-8DB1-4F0E-8BB6-7EB1797F892B}"
EndProject
Global
	GlobalSection(SolutionConfigurationPlatforms) = preSolution
		Debug|Any CPU = Debug|Any CPU
		Release|Any CPU = Release|Any CPU
	EndGlobalSection
	GlobalSection(ProjectConfigurationPlatforms) = postSolution
		{E579594B-DB1F-4FF5-95DD-3E25528E64C1}.Debug|Any CPU.ActiveCfg = Debug|Any CPU
		{E579594B-DB1F-4FF5-95DD-3E25528E64C1}.Debug|Any CPU.Build.0 = Debug|Any CPU
		{E579594B-DB1F-4FF5-95DD-3E25528E64C1}.Release|Any CPU.ActiveCfg = Release|Any CPU
		{E579594B-DB1F-4FF5-95DD-3E25528E64C1}.Release|Any CPU.Build.0 = Release|Any CPU
		{D9B4E76E-2E35-48B4-8D3C-0674276476F1}.Debug|Any CPU.ActiveCfg = Debug|Any CPU
		{D9B4E76E-2E35-48B4-8D3C-0674276476F1}.Debug|Any CPU.Build.0 = Debug|Any CPU
		{D9B4E76E-2E35-48B4-8D3C-0674276476F1}.Release|Any CPU.ActiveCfg = Release|Any CPU
		{D9B4E76E-2E35-48B4-8D3C-0674276476F1}.Release|Any CPU.Build.0 = Release|Any CPU
		{11AA562B-3AB6-4CDD-A8A5-1EE4B95B03E6}.Debug|Any CPU.ActiveCfg = Debug|Any CPU
		{11AA562B-3AB6-4CDD-A8A5-1EE4B95B03E6}.Debug|Any CPU.Build.0 = Debug|Any CPU
		{11AA562B-3AB6-4CDD-A8A5-1EE4B95B03E6}.Release|Any CPU.ActiveCfg = Release|Any CPU
		{11AA562B-3AB6-4CDD-A8A5-1EE4B95B03E6}.Release|Any CPU.Build.0 = Release|Any CPU
		{A2E33957-51EC-47A7-B5CC-5383C390FD25}.Debug|Any CPU.ActiveCfg = Debug|Any CPU
		{A2E33957-51EC-47A7-B5CC-5383C390FD25}.Debug|Any CPU.Build.0 = Debug|Any CPU
		{A2E33957-51EC-47A7-B5CC-5383C390FD25}.Release|Any CPU.ActiveCfg = Release|Any CPU
		{A2E33957-51EC-47A7-B5CC-5383C390FD25}.Release|Any CPU.Build.0 = Release|Any CPU
		{822AC68E-35C3-4AAD-8F00-3BD0E445743F}.Debug|Any CPU.ActiveCfg = Debug|Any CPU
		{822AC68E-35C3-4AAD-8F00-3BD0E445743F}.Debug|Any CPU.Build.0 = Debug|Any CPU
		{822AC68E-35C3-4AAD-8F00-3BD0E445743F}.Release|Any CPU.ActiveCfg = Release|Any CPU
		{822AC68E-35C3-4AAD-8F00-3BD0E445743F}.Release|Any CPU.Build.0 = Release|Any CPU
		{4E5C3781-1F62-4BB6-9363-DE1AFDC7E8EE}.Debug|Any CPU.ActiveCfg = Debug|Any CPU
		{4E5C3781-1F62-4BB6-9363-DE1AFDC7E8EE}.Debug|Any CPU.Build.0 = Debug|Any CPU
		{4E5C3781-1F62-4BB6-9363-DE1AFDC7E8EE}.Release|Any CPU.ActiveCfg = Release|Any CPU
		{4E5C3781-1F62-4BB6-9363-DE1AFDC7E8EE}.Release|Any CPU.Build.0 = Release|Any CPU
		{A1C99CC4-1FF8-4B0C-A805-5248E8A56B4B}.Debug|Any CPU.ActiveCfg = Debug|Any CPU
		{A1C99CC4-1FF8-4B0C-A805-5248E8A56B4B}.Debug|Any CPU.Build.0 = Debug|Any CPU
		{A1C99CC4-1FF8-4B0C-A805-5248E8A56B4B}.Release|Any CPU.ActiveCfg = Release|Any CPU
		{A1C99CC4-1FF8-4B0C-A805-5248E8A56B4B}.Release|Any CPU.Build.0 = Release|Any CPU
		{FA7A3029-8DB1-4F0E-8BB6-7EB1797F892B}.Debug|Any CPU.ActiveCfg = Debug|Any CPU
		{FA7A3029-8DB1-4F0E-8BB6-7EB1797F892B}.Debug|Any CPU.Build.0 = Debug|Any CPU
		{FA7A3029-8DB1-4F0E-8BB6-7EB1797F892B}.Release|Any CPU.ActiveCfg = Release|Any CPU
		{FA7A3029-8DB1-4F0E-8BB6-7EB1797F892B}.Release|Any CPU.Build.0 = Release|Any CPU
	EndGlobalSection
	GlobalSection(SolutionProperties) = preSolution
		HideSolutionNode = FALSE
	EndGlobalSection
	GlobalSection(ExtensibilityGlobals) = postSolution
		SolutionGuid = {84201146-7D4C-48BC-9BAD-98F6AAFC99B0}
	EndGlobalSection
EndGlobal
